# THIS IS AN AUTOGENERATED FILE. DO NOT EDIT THIS FILE DIRECTLY.
# yarn lockfile v1


memes-api@^1.0.1:
  version "1.0.1"
  resolved "https://registry.yarnpkg.com/memes-api/-/memes-api-1.0.1.tgz#13a89f0c7364c2374423789271c473a8e1b20f23"
  integrity sha512-Xwmya/4D79zYVCgwrOkmulNexVSFifw7kIpbNRm2oIs2hFCKe4c1VeZ4ocUMJp6bb2cfqmFxpdKG9/JTLifeXQ==
